
Microsoft Visual Studio Solution File, Format Version 12.00
# Visual Studio Version 17
VisualStudioVersion = 17.4.33403.182
MinimumVisualStudioVersion = 10.0.40219.1
Project("{FAE04EC0-301F-11D3-BF4B-00C04F79EFBC}") = "NMLaba1", "NMLaba1.csproj", "{63B036F9-D5E2-4B1D-A5DF-F1517E7298B4}"
EndProject
Global
	GlobalSection(SolutionConfigurationPlatforms) = preSolution
		Debug|Any CPU = Debug|Any CPU
		Release|Any CPU = Release|Any CPU
	EndGlobalSection
	GlobalSection(ProjectConfigurationPlatforms) = postSolution
		{63B036F9-D5E2-4B1D-A5DF-F1517E7298B4}.Debug|Any CPU.ActiveCfg = Debug|Any CPU
		{63B036F9-D5E2-4B1D-A5DF-F1517E7298B4}.Debug|Any CPU.Build.0 = Debug|Any CPU
		{63B036F9-D5E2-4B1D-A5DF-F1517E7298B4}.Release|Any CPU.ActiveCfg = Release|Any CPU
		{63B036F9-D5E2-4B1D-A5DF-F1517E7298B4}.Release|Any CPU.Build.0 = Release|Any CPU
	EndGlobalSection
	GlobalSection(SolutionProperties) = preSolution
		HideSolutionNode = FALSE
	EndGlobalSection
	GlobalSection(ExtensibilityGlobals) = postSolution
		SolutionGuid = {DC8704AF-A8A6-450A-94AE-C7D26C1E684B}
	EndGlobalSection
EndGlobal
